PODS:
  - Alamofire (3.4.1)
  - Amplitude-iOS (3.7.1)
  - Crashlytics (3.7.2):
    - Fabric (~> 1.6.3)
  - CryptoSwift (0.4.1)
  - Fabric (1.6.7)
  - JSONWebToken (1.5.0):
    - CryptoSwift (~> 0.4.0)
  - SwiftyJSON (2.3.2)

DEPENDENCIES:
  - Alamofire (~> 3.4)
  - Amplitude-iOS (~> 3.7.0)
  - Crashlytics
  - Fabric
  - JSONWebToken (~> 1.5)
  - SwiftyJSON (~> 2.3)

SPEC CHECKSUMS:
  Alamofire: 01a82e2f6c0f860ade35534c8dd88be61bdef40c
  Amplitude-iOS: 4c49e5b00ebe5bf3800f219aaba8a55cf667c6c9
  Crashlytics: 130ab943f8c78cda7a814b434f270b2e2c8a3cba
  CryptoSwift: 25b5aff3f260967391f8fff2e9abe4254d2c6fd5
  Fabric: caf7580c725e64db144f610ac65cd60956911dc7
  JSONWebToken: 6c8968ace6b60b2e6156a7bbe5019fd9b5ff9b5a
  SwiftyJSON: 04ccea08915aa0109039157c7974cf0298da292a

COCOAPODS: 0.39.0
