// !$*UTF8*$!
{
	archiveVersion = 1;
	classes = {
	};
	objectVersion = 46;
	objects = {

/* Begin PBXBuildFile section */
		BC85F60C1CF2A1C000B11F89 /* AppDelegate.swift in Sources */ = {isa = PBXBuildFile; fileRef = BC85F60B1CF2A1C000B11F89 /* AppDelegate.swift */; };
		BC85F60E1CF2A1C000B11F89 /* ViewController.swift in Sources */ = {isa = PBXBuildFile; fileRef = BC85F60D1CF2A1C000B11F89 /* ViewController.swift */; };
		BC85F6111CF2A1C000B11F89 /* Main.storyboard in Resources */ = {isa = PBXBuildFile; fileRef = BC85F60F1CF2A1C000B11F89 /* Main.storyboard */; };
		BC85F6141CF2A1C000B11F89 /* Mr_Ride.xcdatamodeld in Sources */ = {isa = PBXBuildFile; fileRef = BC85F6121CF2A1C000B11F89 /* Mr_Ride.xcdatamodeld */; };
		BC85F6161CF2A1C000B11F89 /* Assets.xcassets in Resources */ = {isa = PBXBuildFile; fileRef = BC85F6151CF2A1C000B11F89 /* Assets.xcassets */; };
		BC85F6191CF2A1C000B11F89 /* LaunchScreen.storyboard in Resources */ = {isa = PBXBuildFile; fileRef = BC85F6171CF2A1C000B11F89 /* LaunchScreen.storyboard */; };
		BC85F6211CF2ADDE00B11F89 /* RideDetailsViewController.swift in Sources */ = {isa = PBXBuildFile; fileRef = BC85F6201CF2ADDE00B11F89 /* RideDetailsViewController.swift */; };
		BC85F62B1CF2B20200B11F89 /* NewRecordNavigationController.swift in Sources */ = {isa = PBXBuildFile; fileRef = BC85F62A1CF2B20200B11F89 /* NewRecordNavigationController.swift */; };
		BC85F62F1CF30AE800B11F89 /* NewRecordViewController.swift in Sources */ = {isa = PBXBuildFile; fileRef = BC85F62E1CF30AE800B11F89 /* NewRecordViewController.swift */; };
		BC85F6341CF3F12B00B11F89 /* UIFont+YBKAdditions (2).swift in Sources */ = {isa = PBXBuildFile; fileRef = BC85F6331CF3F12B00B11F89 /* UIFont+YBKAdditions (2).swift */; };
		BC85F6361CF3F1AC00B11F89 /* UIColor+YBKAdditions (2).swift in Sources */ = {isa = PBXBuildFile; fileRef = BC85F6351CF3F1AC00B11F89 /* UIColor+YBKAdditions (2).swift */; };
		BC9C8B2E1CF5EC7400EB4FBE /* HomePageViewController.swift in Sources */ = {isa = PBXBuildFile; fileRef = BC9C8B2D1CF5EC7400EB4FBE /* HomePageViewController.swift */; };
		BC9C8B301CF6AAAA00EB4FBE /* HomePageNavigationController.swift in Sources */ = {isa = PBXBuildFile; fileRef = BC9C8B2F1CF6AAAA00EB4FBE /* HomePageNavigationController.swift */; };
		BCCFE5131CF79D68004323B0 /* LICENSE.txt in Resources */ = {isa = PBXBuildFile; fileRef = BCCFE5081CF79D68004323B0 /* LICENSE.txt */; };
		BCCFE5141CF79D68004323B0 /* RobotoMono-Bold.ttf in Resources */ = {isa = PBXBuildFile; fileRef = BCCFE5091CF79D68004323B0 /* RobotoMono-Bold.ttf */; };
		BCCFE5151CF79D68004323B0 /* RobotoMono-BoldItalic.ttf in Resources */ = {isa = PBXBuildFile; fileRef = BCCFE50A1CF79D68004323B0 /* RobotoMono-BoldItalic.ttf */; };
		BCCFE5161CF79D68004323B0 /* RobotoMono-Italic.ttf in Resources */ = {isa = PBXBuildFile; fileRef = BCCFE50B1CF79D68004323B0 /* RobotoMono-Italic.ttf */; };
		BCCFE5171CF79D68004323B0 /* RobotoMono-Light.ttf in Resources */ = {isa = PBXBuildFile; fileRef = BCCFE50C1CF79D68004323B0 /* RobotoMono-Light.ttf */; };
		BCCFE5181CF79D68004323B0 /* RobotoMono-LightItalic.ttf in Resources */ = {isa = PBXBuildFile; fileRef = BCCFE50D1CF79D68004323B0 /* RobotoMono-LightItalic.ttf */; };
		BCCFE5191CF79D68004323B0 /* RobotoMono-Medium.ttf in Resources */ = {isa = PBXBuildFile; fileRef = BCCFE50E1CF79D68004323B0 /* RobotoMono-Medium.ttf */; };
		BCCFE51A1CF79D68004323B0 /* RobotoMono-MediumItalic.ttf in Resources */ = {isa = PBXBuildFile; fileRef = BCCFE50F1CF79D68004323B0 /* RobotoMono-MediumItalic.ttf */; };
		BCCFE51B1CF79D68004323B0 /* RobotoMono-Regular.ttf in Resources */ = {isa = PBXBuildFile; fileRef = BCCFE5101CF79D68004323B0 /* RobotoMono-Regular.ttf */; };
		BCCFE51C1CF79D68004323B0 /* RobotoMono-Thin.ttf in Resources */ = {isa = PBXBuildFile; fileRef = BCCFE5111CF79D68004323B0 /* RobotoMono-Thin.ttf */; };
		BCCFE51D1CF79D68004323B0 /* RobotoMono-ThinItalic.ttf in Resources */ = {isa = PBXBuildFile; fileRef = BCCFE5121CF79D68004323B0 /* RobotoMono-ThinItalic.ttf */; };
		BCCFE60F1CF98D6D004323B0 /* LeftSideViewController.swift in Sources */ = {isa = PBXBuildFile; fileRef = BCCFE60E1CF98D6D004323B0 /* LeftSideViewController.swift */; };
		BCCFE61B1CF98E34004323B0 /* MMDrawerBarButtonItem.m in Sources */ = {isa = PBXBuildFile; fileRef = BCCFE6131CF98E34004323B0 /* MMDrawerBarButtonItem.m */; };
		BCCFE61C1CF98E34004323B0 /* MMDrawerController.m in Sources */ = {isa = PBXBuildFile; fileRef = BCCFE6151CF98E34004323B0 /* MMDrawerController.m */; };
		BCCFE61D1CF98E34004323B0 /* MMDrawerVisualState.m in Sources */ = {isa = PBXBuildFile; fileRef = BCCFE6181CF98E34004323B0 /* MMDrawerVisualState.m */; };
		BCCFE61E1CF98E34004323B0 /* UIViewController+MMDrawerController.m in Sources */ = {isa = PBXBuildFile; fileRef = BCCFE61A1CF98E34004323B0 /* UIViewController+MMDrawerController.m */; };
		BCDB655F1CFD3BF90041FBAD /* HealthKitManager.swift in Sources */ = {isa = PBXBuildFile; fileRef = BCDB655E1CFD3BF90041FBAD /* HealthKitManager.swift */; };
		BCDB65621CFD3E130041FBAD /* HealthKit.framework in Frameworks */ = {isa = PBXBuildFile; fileRef = BCDB65611CFD3E130041FBAD /* HealthKit.framework */; };
		BCE4E9041CF9DDD600976948 /* LeftSideTableViewCell.swift in Sources */ = {isa = PBXBuildFile; fileRef = BCE4E9031CF9DDD600976948 /* LeftSideTableViewCell.swift */; };
		BCE4E90A1CFA7DC700976948 /* HistoryViewController.swift in Sources */ = {isa = PBXBuildFile; fileRef = BCE4E9091CFA7DC700976948 /* HistoryViewController.swift */; };
		BCE4E90C1CFA824F00976948 /* HistoryNavigationController.swift in Sources */ = {isa = PBXBuildFile; fileRef = BCE4E90B1CFA824F00976948 /* HistoryNavigationController.swift */; };
/* End PBXBuildFile section */

/* Begin PBXFileReference section */
		BC85F6081CF2A1C000B11F89 /* Mr-Ride.app */ = {isa = PBXFileReference; explicitFileType = wrapper.application; includeInIndex = 0; path = "Mr-Ride.app"; sourceTree = BUILT_PRODUCTS_DIR; };
		BC85F60B1CF2A1C000B11F89 /* AppDelegate.swift */ = {isa = PBXFileReference; lastKnownFileType = sourcecode.swift; path = AppDelegate.swift; sourceTree = "<group>"; };
		BC85F60D1CF2A1C000B11F89 /* ViewController.swift */ = {isa = PBXFileReference; lastKnownFileType = sourcecode.swift; path = ViewController.swift; sourceTree = "<group>"; };
		BC85F6101CF2A1C000B11F89 /* Base */ = {isa = PBXFileReference; lastKnownFileType = file.storyboard; name = Base; path = Base.lproj/Main.storyboard; sourceTree = "<group>"; };
		BC85F6131CF2A1C000B11F89 /* Mr_Ride.xcdatamodel */ = {isa = PBXFileReference; lastKnownFileType = wrapper.xcdatamodel; path = Mr_Ride.xcdatamodel; sourceTree = "<group>"; };
		BC85F6151CF2A1C000B11F89 /* Assets.xcassets */ = {isa = PBXFileReference; lastKnownFileType = folder.assetcatalog; path = Assets.xcassets; sourceTree = "<group>"; };
		BC85F6181CF2A1C000B11F89 /* Base */ = {isa = PBXFileReference; lastKnownFileType = file.storyboard; name = Base; path = Base.lproj/LaunchScreen.storyboard; sourceTree = "<group>"; };
		BC85F61A1CF2A1C000B11F89 /* Info.plist */ = {isa = PBXFileReference; lastKnownFileType = text.plist.xml; path = Info.plist; sourceTree = "<group>"; };
		BC85F6201CF2ADDE00B11F89 /* RideDetailsViewController.swift */ = {isa = PBXFileReference; fileEncoding = 4; lastKnownFileType = sourcecode.swift; path = RideDetailsViewController.swift; sourceTree = "<group>"; };
		BC85F62A1CF2B20200B11F89 /* NewRecordNavigationController.swift */ = {isa = PBXFileReference; fileEncoding = 4; lastKnownFileType = sourcecode.swift; path = NewRecordNavigationController.swift; sourceTree = "<group>"; };
		BC85F62E1CF30AE800B11F89 /* NewRecordViewController.swift */ = {isa = PBXFileReference; fileEncoding = 4; lastKnownFileType = sourcecode.swift; path = NewRecordViewController.swift; sourceTree = "<group>"; };
		BC85F6331CF3F12B00B11F89 /* UIFont+YBKAdditions (2).swift */ = {isa = PBXFileReference; fileEncoding = 4; lastKnownFileType = sourcecode.swift; path = "UIFont+YBKAdditions (2).swift"; sourceTree = "<group>"; };
		BC85F6351CF3F1AC00B11F89 /* UIColor+YBKAdditions (2).swift */ = {isa = PBXFileReference; fileEncoding = 4; lastKnownFileType = sourcecode.swift; path = "UIColor+YBKAdditions (2).swift"; sourceTree = "<group>"; };
		BC9C8B2D1CF5EC7400EB4FBE /* HomePageViewController.swift */ = {isa = PBXFileReference; fileEncoding = 4; lastKnownFileType = sourcecode.swift; path = HomePageViewController.swift; sourceTree = "<group>"; };
		BC9C8B2F1CF6AAAA00EB4FBE /* HomePageNavigationController.swift */ = {isa = PBXFileReference; fileEncoding = 4; lastKnownFileType = sourcecode.swift; path = HomePageNavigationController.swift; sourceTree = "<group>"; };
		BCCFE5081CF79D68004323B0 /* LICENSE.txt */ = {isa = PBXFileReference; fileEncoding = 4; lastKnownFileType = text; path = LICENSE.txt; sourceTree = "<group>"; };
		BCCFE5091CF79D68004323B0 /* RobotoMono-Bold.ttf */ = {isa = PBXFileReference; lastKnownFileType = file; path = "RobotoMono-Bold.ttf"; sourceTree = "<group>"; };
		BCCFE50A1CF79D68004323B0 /* RobotoMono-BoldItalic.ttf */ = {isa = PBXFileReference; lastKnownFileType = file; path = "RobotoMono-BoldItalic.ttf"; sourceTree = "<group>"; };
		BCCFE50B1CF79D68004323B0 /* RobotoMono-Italic.ttf */ = {isa = PBXFileReference; lastKnownFileType = file; path = "RobotoMono-Italic.ttf"; sourceTree = "<group>"; };
		BCCFE50C1CF79D68004323B0 /* RobotoMono-Light.ttf */ = {isa = PBXFileReference; lastKnownFileType = file; path = "RobotoMono-Light.ttf"; sourceTree = "<group>"; };
		BCCFE50D1CF79D68004323B0 /* RobotoMono-LightItalic.ttf */ = {isa = PBXFileReference; lastKnownFileType = file; path = "RobotoMono-LightItalic.ttf"; sourceTree = "<group>"; };
		BCCFE50E1CF79D68004323B0 /* RobotoMono-Medium.ttf */ = {isa = PBXFileReference; lastKnownFileType = file; path = "RobotoMono-Medium.ttf"; sourceTree = "<group>"; };
		BCCFE50F1CF79D68004323B0 /* RobotoMono-MediumItalic.ttf */ = {isa = PBXFileReference; lastKnownFileType = file; path = "RobotoMono-MediumItalic.ttf"; sourceTree = "<group>"; };
		BCCFE5101CF79D68004323B0 /* RobotoMono-Regular.ttf */ = {isa = PBXFileReference; lastKnownFileType = file; path = "RobotoMono-Regular.ttf"; sourceTree = "<group>"; };
		BCCFE5111CF79D68004323B0 /* RobotoMono-Thin.ttf */ = {isa = PBXFileReference; lastKnownFileType = file; path = "RobotoMono-Thin.ttf"; sourceTree = "<group>"; };
		BCCFE5121CF79D68004323B0 /* RobotoMono-ThinItalic.ttf */ = {isa = PBXFileReference; lastKnownFileType = file; path = "RobotoMono-ThinItalic.ttf"; sourceTree = "<group>"; };
		BCCFE60E1CF98D6D004323B0 /* LeftSideViewController.swift */ = {isa = PBXFileReference; fileEncoding = 4; lastKnownFileType = sourcecode.swift; path = LeftSideViewController.swift; sourceTree = "<group>"; };
		BCCFE6111CF98E33004323B0 /* Mr-Ride-Bridging-Header.h */ = {isa = PBXFileReference; lastKnownFileType = sourcecode.c.h; path = "Mr-Ride-Bridging-Header.h"; sourceTree = "<group>"; };
		BCCFE6121CF98E34004323B0 /* MMDrawerBarButtonItem.h */ = {isa = PBXFileReference; fileEncoding = 4; lastKnownFileType = sourcecode.c.h; path = MMDrawerBarButtonItem.h; sourceTree = "<group>"; };
		BCCFE6131CF98E34004323B0 /* MMDrawerBarButtonItem.m */ = {isa = PBXFileReference; fileEncoding = 4; lastKnownFileType = sourcecode.c.objc; path = MMDrawerBarButtonItem.m; sourceTree = "<group>"; };
		BCCFE6141CF98E34004323B0 /* MMDrawerController.h */ = {isa = PBXFileReference; fileEncoding = 4; lastKnownFileType = sourcecode.c.h; path = MMDrawerController.h; sourceTree = "<group>"; };
		BCCFE6151CF98E34004323B0 /* MMDrawerController.m */ = {isa = PBXFileReference; fileEncoding = 4; lastKnownFileType = sourcecode.c.objc; path = MMDrawerController.m; sourceTree = "<group>"; };
		BCCFE6161CF98E34004323B0 /* MMDrawerController+Subclass.h */ = {isa = PBXFileReference; fileEncoding = 4; lastKnownFileType = sourcecode.c.h; path = "MMDrawerController+Subclass.h"; sourceTree = "<group>"; };
		BCCFE6171CF98E34004323B0 /* MMDrawerVisualState.h */ = {isa = PBXFileReference; fileEncoding = 4; lastKnownFileType = sourcecode.c.h; path = MMDrawerVisualState.h; sourceTree = "<group>"; };
		BCCFE6181CF98E34004323B0 /* MMDrawerVisualState.m */ = {isa = PBXFileReference; fileEncoding = 4; lastKnownFileType = sourcecode.c.objc; path = MMDrawerVisualState.m; sourceTree = "<group>"; };
		BCCFE6191CF98E34004323B0 /* UIViewController+MMDrawerController.h */ = {isa = PBXFileReference; fileEncoding = 4; lastKnownFileType = sourcecode.c.h; path = "UIViewController+MMDrawerController.h"; sourceTree = "<group>"; };
		BCCFE61A1CF98E34004323B0 /* UIViewController+MMDrawerController.m */ = {isa = PBXFileReference; fileEncoding = 4; lastKnownFileType = sourcecode.c.objc; path = "UIViewController+MMDrawerController.m"; sourceTree = "<group>"; };
		BCDB655E1CFD3BF90041FBAD /* HealthKitManager.swift */ = {isa = PBXFileReference; fileEncoding = 4; lastKnownFileType = sourcecode.swift; path = HealthKitManager.swift; sourceTree = "<group>"; };
		BCDB65601CFD3E130041FBAD /* Mr-Ride.entitlements */ = {isa = PBXFileReference; lastKnownFileType = text.xml; path = "Mr-Ride.entitlements"; sourceTree = "<group>"; };
		BCDB65611CFD3E130041FBAD /* HealthKit.framework */ = {isa = PBXFileReference; lastKnownFileType = wrapper.framework; name = HealthKit.framework; path = System/Library/Frameworks/HealthKit.framework; sourceTree = SDKROOT; };
		BCE4E9031CF9DDD600976948 /* LeftSideTableViewCell.swift */ = {isa = PBXFileReference; fileEncoding = 4; lastKnownFileType = sourcecode.swift; path = LeftSideTableViewCell.swift; sourceTree = "<group>"; };
		BCE4E9091CFA7DC700976948 /* HistoryViewController.swift */ = {isa = PBXFileReference; fileEncoding = 4; lastKnownFileType = sourcecode.swift; path = HistoryViewController.swift; sourceTree = "<group>"; };
		BCE4E90B1CFA824F00976948 /* HistoryNavigationController.swift */ = {isa = PBXFileReference; fileEncoding = 4; lastKnownFileType = sourcecode.swift; path = HistoryNavigationController.swift; sourceTree = "<group>"; };
/* End PBXFileReference section */

/* Begin PBXFrameworksBuildPhase section */
		BC85F6051CF2A1C000B11F89 /* Frameworks */ = {
			isa = PBXFrameworksBuildPhase;
			buildActionMask = 2147483647;
			files = (
				BCDB65621CFD3E130041FBAD /* HealthKit.framework in Frameworks */,
			);
			runOnlyForDeploymentPostprocessing = 0;
		};
/* End PBXFrameworksBuildPhase section */

/* Begin PBXGroup section */
		BC85F5FF1CF2A1C000B11F89 = {
			isa = PBXGroup;
			children = (
				BCDB65611CFD3E130041FBAD /* HealthKit.framework */,
				BC85F60A1CF2A1C000B11F89 /* Mr-Ride */,
				BC85F6091CF2A1C000B11F89 /* Products */,
			);
			sourceTree = "<group>";
		};
		BC85F6091CF2A1C000B11F89 /* Products */ = {
			isa = PBXGroup;
			children = (
				BC85F6081CF2A1C000B11F89 /* Mr-Ride.app */,
			);
			name = Products;
			sourceTree = "<group>";
		};
		BC85F60A1CF2A1C000B11F89 /* Mr-Ride */ = {
			isa = PBXGroup;
			children = (
				BCDB65601CFD3E130041FBAD /* Mr-Ride.entitlements */,
				BCCFE6101CF98DD2004323B0 /* MMDrawerController */,
				BC85F60B1CF2A1C000B11F89 /* AppDelegate.swift */,
				BC85F60D1CF2A1C000B11F89 /* ViewController.swift */,
				BCCFE51E1CF79D7E004323B0 /* Roboto_Mono */,
				BC85F60F1CF2A1C000B11F89 /* Main.storyboard */,
				BC85F6291CF2B09E00B11F89 /* Model */,
				BC85F6321CF3625400B11F89 /* View */,
				BC85F6221CF2ADEF00B11F89 /* Controller */,
				BC85F6151CF2A1C000B11F89 /* Assets.xcassets */,
				BC85F6171CF2A1C000B11F89 /* LaunchScreen.storyboard */,
				BC85F61A1CF2A1C000B11F89 /* Info.plist */,
				BC85F6121CF2A1C000B11F89 /* Mr_Ride.xcdatamodeld */,
			);
			path = "Mr-Ride";
			sourceTree = "<group>";
		};
		BC85F6221CF2ADEF00B11F89 /* Controller */ = {
			isa = PBXGroup;
			children = (
				BC9C8B2F1CF6AAAA00EB4FBE /* HomePageNavigationController.swift */,
				BC9C8B2D1CF5EC7400EB4FBE /* HomePageViewController.swift */,
				BCCFE60E1CF98D6D004323B0 /* LeftSideViewController.swift */,
				BC85F62A1CF2B20200B11F89 /* NewRecordNavigationController.swift */,
				BC85F62E1CF30AE800B11F89 /* NewRecordViewController.swift */,
				BC85F6201CF2ADDE00B11F89 /* RideDetailsViewController.swift */,
				BCE4E90B1CFA824F00976948 /* HistoryNavigationController.swift */,
				BCE4E9091CFA7DC700976948 /* HistoryViewController.swift */,
			);
			name = Controller;
			sourceTree = "<group>";
		};
		BC85F6291CF2B09E00B11F89 /* Model */ = {
			isa = PBXGroup;
			children = (
				BC85F6351CF3F1AC00B11F89 /* UIColor+YBKAdditions (2).swift */,
				BC85F6331CF3F12B00B11F89 /* UIFont+YBKAdditions (2).swift */,
				BCDB655E1CFD3BF90041FBAD /* HealthKitManager.swift */,
			);
			name = Model;
			sourceTree = "<group>";
		};
		BC85F6321CF3625400B11F89 /* View */ = {
			isa = PBXGroup;
			children = (
				BCE4E9031CF9DDD600976948 /* LeftSideTableViewCell.swift */,
			);
			name = View;
			sourceTree = "<group>";
		};
		BCCFE51E1CF79D7E004323B0 /* Roboto_Mono */ = {
			isa = PBXGroup;
			children = (
				BCCFE5081CF79D68004323B0 /* LICENSE.txt */,
				BCCFE50D1CF79D68004323B0 /* RobotoMono-LightItalic.ttf */,
				BCCFE50E1CF79D68004323B0 /* RobotoMono-Medium.ttf */,
				BCCFE50F1CF79D68004323B0 /* RobotoMono-MediumItalic.ttf */,
				BCCFE5101CF79D68004323B0 /* RobotoMono-Regular.ttf */,
				BCCFE5111CF79D68004323B0 /* RobotoMono-Thin.ttf */,
				BCCFE5121CF79D68004323B0 /* RobotoMono-ThinItalic.ttf */,
				BCCFE5091CF79D68004323B0 /* RobotoMono-Bold.ttf */,
				BCCFE50A1CF79D68004323B0 /* RobotoMono-BoldItalic.ttf */,
				BCCFE50B1CF79D68004323B0 /* RobotoMono-Italic.ttf */,
				BCCFE50C1CF79D68004323B0 /* RobotoMono-Light.ttf */,
			);
			name = Roboto_Mono;
			sourceTree = "<group>";
		};
		BCCFE6101CF98DD2004323B0 /* MMDrawerController */ = {
			isa = PBXGroup;
			children = (
				BCCFE6121CF98E34004323B0 /* MMDrawerBarButtonItem.h */,
				BCCFE6131CF98E34004323B0 /* MMDrawerBarButtonItem.m */,
				BCCFE6141CF98E34004323B0 /* MMDrawerController.h */,
				BCCFE6151CF98E34004323B0 /* MMDrawerController.m */,
				BCCFE6161CF98E34004323B0 /* MMDrawerController+Subclass.h */,
				BCCFE6171CF98E34004323B0 /* MMDrawerVisualState.h */,
				BCCFE6181CF98E34004323B0 /* MMDrawerVisualState.m */,
				BCCFE6191CF98E34004323B0 /* UIViewController+MMDrawerController.h */,
				BCCFE61A1CF98E34004323B0 /* UIViewController+MMDrawerController.m */,
				BCCFE6111CF98E33004323B0 /* Mr-Ride-Bridging-Header.h */,
			);
			name = MMDrawerController;
			sourceTree = "<group>";
		};
/* End PBXGroup section */

/* Begin PBXNativeTarget section */
		BC85F6071CF2A1C000B11F89 /* Mr-Ride */ = {
			isa = PBXNativeTarget;
			buildConfigurationList = BC85F61D1CF2A1C000B11F89 /* Build configuration list for PBXNativeTarget "Mr-Ride" */;
			buildPhases = (
				BC85F6041CF2A1C000B11F89 /* Sources */,
				BC85F6051CF2A1C000B11F89 /* Frameworks */,
				BC85F6061CF2A1C000B11F89 /* Resources */,
			);
			buildRules = (
			);
			dependencies = (
			);
			name = "Mr-Ride";
			productName = "Mr-Ride";
			productReference = BC85F6081CF2A1C000B11F89 /* Mr-Ride.app */;
			productType = "com.apple.product-type.application";
		};
/* End PBXNativeTarget section */

/* Begin PBXProject section */
		BC85F6001CF2A1C000B11F89 /* Project object */ = {
			isa = PBXProject;
			attributes = {
				LastSwiftUpdateCheck = 0730;
				LastUpgradeCheck = 0730;
				ORGANIZATIONNAME = "AppWorks School HsinAn Hsu";
				TargetAttributes = {
					BC85F6071CF2A1C000B11F89 = {
						CreatedOnToolsVersion = 7.3;
						DevelopmentTeam = BGU87W5D85;
						SystemCapabilities = {
							com.apple.BackgroundModes = {
								enabled = 0;
							};
							com.apple.HealthKit = {
								enabled = 1;
							};
						};
					};
				};
			};
			buildConfigurationList = BC85F6031CF2A1C000B11F89 /* Build configuration list for PBXProject "Mr-Ride" */;
			compatibilityVersion = "Xcode 3.2";
			developmentRegion = English;
			hasScannedForEncodings = 0;
			knownRegions = (
				en,
				Base,
			);
			mainGroup = BC85F5FF1CF2A1C000B11F89;
			productRefGroup = BC85F6091CF2A1C000B11F89 /* Products */;
			projectDirPath = "";
			projectRoot = "";
			targets = (
				BC85F6071CF2A1C000B11F89 /* Mr-Ride */,
			);
		};
/* End PBXProject section */

/* Begin PBXResourcesBuildPhase section */
		BC85F6061CF2A1C000B11F89 /* Resources */ = {
			isa = PBXResourcesBuildPhase;
			buildActionMask = 2147483647;
			files = (
				BCCFE5161CF79D68004323B0 /* RobotoMono-Italic.ttf in Resources */,
				BCCFE51A1CF79D68004323B0 /* RobotoMono-MediumItalic.ttf in Resources */,
				BCCFE5131CF79D68004323B0 /* LICENSE.txt in Resources */,
				BCCFE5151CF79D68004323B0 /* RobotoMono-BoldItalic.ttf in Resources */,
				BCCFE5171CF79D68004323B0 /* RobotoMono-Light.ttf in Resources */,
				BCCFE5141CF79D68004323B0 /* RobotoMono-Bold.ttf in Resources */,
				BCCFE5181CF79D68004323B0 /* RobotoMono-LightItalic.ttf in Resources */,
				BC85F6191CF2A1C000B11F89 /* LaunchScreen.storyboard in Resources */,
				BC85F6161CF2A1C000B11F89 /* Assets.xcassets in Resources */,
				BC85F6111CF2A1C000B11F89 /* Main.storyboard in Resources */,
				BCCFE5191CF79D68004323B0 /* RobotoMono-Medium.ttf in Resources */,
				BCCFE51B1CF79D68004323B0 /* RobotoMono-Regular.ttf in Resources */,
				BCCFE51C1CF79D68004323B0 /* RobotoMono-Thin.ttf in Resources */,
				BCCFE51D1CF79D68004323B0 /* RobotoMono-ThinItalic.ttf in Resources */,
			);
			runOnlyForDeploymentPostprocessing = 0;
		};
/* End PBXResourcesBuildPhase section */

/* Begin PBXSourcesBuildPhase section */
		BC85F6041CF2A1C000B11F89 /* Sources */ = {
			isa = PBXSourcesBuildPhase;
			buildActionMask = 2147483647;
			files = (
				BCCFE60F1CF98D6D004323B0 /* LeftSideViewController.swift in Sources */,
				BCCFE61B1CF98E34004323B0 /* MMDrawerBarButtonItem.m in Sources */,
				BCE4E90C1CFA824F00976948 /* HistoryNavigationController.swift in Sources */,
				BCDB655F1CFD3BF90041FBAD /* HealthKitManager.swift in Sources */,
				BC85F62F1CF30AE800B11F89 /* NewRecordViewController.swift in Sources */,
				BCCFE61E1CF98E34004323B0 /* UIViewController+MMDrawerController.m in Sources */,
				BC85F60E1CF2A1C000B11F89 /* ViewController.swift in Sources */,
				BC9C8B2E1CF5EC7400EB4FBE /* HomePageViewController.swift in Sources */,
				BCCFE61C1CF98E34004323B0 /* MMDrawerController.m in Sources */,
				BCCFE61D1CF98E34004323B0 /* MMDrawerVisualState.m in Sources */,
				BC85F6141CF2A1C000B11F89 /* Mr_Ride.xcdatamodeld in Sources */,
				BCE4E9041CF9DDD600976948 /* LeftSideTableViewCell.swift in Sources */,
				BC85F60C1CF2A1C000B11F89 /* AppDelegate.swift in Sources */,
				BC85F6341CF3F12B00B11F89 /* UIFont+YBKAdditions (2).swift in Sources */,
				BC85F6211CF2ADDE00B11F89 /* RideDetailsViewController.swift in Sources */,
				BC9C8B301CF6AAAA00EB4FBE /* HomePageNavigationController.swift in Sources */,
				BC85F6361CF3F1AC00B11F89 /* UIColor+YBKAdditions (2).swift in Sources */,
				BCE4E90A1CFA7DC700976948 /* HistoryViewController.swift in Sources */,
				BC85F62B1CF2B20200B11F89 /* NewRecordNavigationController.swift in Sources */,
			);
			runOnlyForDeploymentPostprocessing = 0;
		};
/* End PBXSourcesBuildPhase section */

/* Begin PBXVariantGroup section */
		BC85F60F1CF2A1C000B11F89 /* Main.storyboard */ = {
			isa = PBXVariantGroup;
			children = (
				BC85F6101CF2A1C000B11F89 /* Base */,
			);
			name = Main.storyboard;
			sourceTree = "<group>";
		};
		BC85F6171CF2A1C000B11F89 /* LaunchScreen.storyboard */ = {
			isa = PBXVariantGroup;
			children = (
				BC85F6181CF2A1C000B11F89 /* Base */,
			);
			name = LaunchScreen.storyboard;
			sourceTree = "<group>";
		};
/* End PBXVariantGroup section */

/* Begin XCBuildConfiguration section */
		BC85F61B1CF2A1C000B11F89 /* Debug */ = {
			isa = XCBuildConfiguration;
			buildSettings = {
				ALWAYS_SEARCH_USER_PATHS = NO;
				CLANG_ANALYZER_NONNULL = YES;
				CLANG_CXX_LANGUAGE_STANDARD = "gnu++0x";
				CLANG_CXX_LIBRARY = "libc++";
				CLANG_ENABLE_MODULES = YES;
				CLANG_ENABLE_OBJC_ARC = YES;
				CLANG_WARN_BOOL_CONVERSION = YES;
				CLANG_WARN_CONSTANT_CONVERSION = YES;
				CLANG_WARN_DIRECT_OBJC_ISA_USAGE = YES_ERROR;
				CLANG_WARN_EMPTY_BODY = YES;
				CLANG_WARN_ENUM_CONVERSION = YES;
				CLANG_WARN_INT_CONVERSION = YES;
				CLANG_WARN_OBJC_ROOT_CLASS = YES_ERROR;
				CLANG_WARN_UNREACHABLE_CODE = YES;
				CLANG_WARN__DUPLICATE_METHOD_MATCH = YES;
				"CODE_SIGN_IDENTITY[sdk=iphoneos*]" = "iPhone Developer";
				COPY_PHASE_STRIP = NO;
				DEBUG_INFORMATION_FORMAT = dwarf;
				ENABLE_STRICT_OBJC_MSGSEND = YES;
				ENABLE_TESTABILITY = YES;
				GCC_C_LANGUAGE_STANDARD = gnu99;
				GCC_DYNAMIC_NO_PIC = NO;
				GCC_NO_COMMON_BLOCKS = YES;
				GCC_OPTIMIZATION_LEVEL = 0;
				GCC_PREPROCESSOR_DEFINITIONS = (
					"DEBUG=1",
					"$(inherited)",
				);
				GCC_WARN_64_TO_32_BIT_CONVERSION = YES;
				GCC_WARN_ABOUT_RETURN_TYPE = YES_ERROR;
				GCC_WARN_UNDECLARED_SELECTOR = YES;
				GCC_WARN_UNINITIALIZED_AUTOS = YES_AGGRESSIVE;
				GCC_WARN_UNUSED_FUNCTION = YES;
				GCC_WARN_UNUSED_VARIABLE = YES;
				IPHONEOS_DEPLOYMENT_TARGET = 9.3;
				MTL_ENABLE_DEBUG_INFO = YES;
				ONLY_ACTIVE_ARCH = YES;
				SDKROOT = iphoneos;
				SWIFT_OPTIMIZATION_LEVEL = "-Onone";
				TARGETED_DEVICE_FAMILY = "1,2";
			};
			name = Debug;
		};
		BC85F61C1CF2A1C000B11F89 /* Release */ = {
			isa = XCBuildConfiguration;
			buildSettings = {
				ALWAYS_SEARCH_USER_PATHS = NO;
				CLANG_ANALYZER_NONNULL = YES;
				CLANG_CXX_LANGUAGE_STANDARD = "gnu++0x";
				CLANG_CXX_LIBRARY = "libc++";
				CLANG_ENABLE_MODULES = YES;
				CLANG_ENABLE_OBJC_ARC = YES;
				CLANG_WARN_BOOL_CONVERSION = YES;
				CLANG_WARN_CONSTANT_CONVERSION = YES;
				CLANG_WARN_DIRECT_OBJC_ISA_USAGE = YES_ERROR;
				CLANG_WARN_EMPTY_BODY = YES;
				CLANG_WARN_ENUM_CONVERSION = YES;
				CLANG_WARN_INT_CONVERSION = YES;
				CLANG_WARN_OBJC_ROOT_CLASS = YES_ERROR;
				CLANG_WARN_UNREACHABLE_CODE = YES;
				CLANG_WARN__DUPLICATE_METHOD_MATCH = YES;
				"CODE_SIGN_IDENTITY[sdk=iphoneos*]" = "iPhone Developer";
				COPY_PHASE_STRIP = NO;
				DEBUG_INFORMATION_FORMAT = "dwarf-with-dsym";
				ENABLE_NS_ASSERTIONS = NO;
				ENABLE_STRICT_OBJC_MSGSEND = YES;
				GCC_C_LANGUAGE_STANDARD = gnu99;
				GCC_NO_COMMON_BLOCKS = YES;
				GCC_WARN_64_TO_32_BIT_CONVERSION = YES;
				GCC_WARN_ABOUT_RETURN_TYPE = YES_ERROR;
				GCC_WARN_UNDECLARED_SELECTOR = YES;
				GCC_WARN_UNINITIALIZED_AUTOS = YES_AGGRESSIVE;
				GCC_WARN_UNUSED_FUNCTION = YES;
				GCC_WARN_UNUSED_VARIABLE = YES;
				IPHONEOS_DEPLOYMENT_TARGET = 9.3;
				MTL_ENABLE_DEBUG_INFO = NO;
				SDKROOT = iphoneos;
				TARGETED_DEVICE_FAMILY = "1,2";
				VALIDATE_PRODUCT = YES;
			};
			name = Release;
		};
		BC85F61E1CF2A1C000B11F89 /* Debug */ = {
			isa = XCBuildConfiguration;
			buildSettings = {
				ASSETCATALOG_COMPILER_APPICON_NAME = AppIcon;
				CLANG_ENABLE_MODULES = YES;
				CODE_SIGN_ENTITLEMENTS = "Mr-Ride/Mr-Ride.entitlements";
				INFOPLIST_FILE = "Mr-Ride/Info.plist";
				LD_RUNPATH_SEARCH_PATHS = "$(inherited) @executable_path/Frameworks";
				PRODUCT_BUNDLE_IDENTIFIER = "com.appworks-school-HsinAn-Hsu.Mr-Ride";
				PRODUCT_NAME = "$(TARGET_NAME)";
				SWIFT_OBJC_BRIDGING_HEADER = "Mr-Ride/Mr-Ride-Bridging-Header.h";
				SWIFT_OPTIMIZATION_LEVEL = "-Onone";
			};
			name = Debug;
		};
		BC85F61F1CF2A1C000B11F89 /* Release */ = {
			isa = XCBuildConfiguration;
			buildSettings = {
				ASSETCATALOG_COMPILER_APPICON_NAME = AppIcon;
				CLANG_ENABLE_MODULES = YES;
				CODE_SIGN_ENTITLEMENTS = "Mr-Ride/Mr-Ride.entitlements";
				INFOPLIST_FILE = "Mr-Ride/Info.plist";
				LD_RUNPATH_SEARCH_PATHS = "$(inherited) @executable_path/Frameworks";
				PRODUCT_BUNDLE_IDENTIFIER = "com.appworks-school-HsinAn-Hsu.Mr-Ride";
				PRODUCT_NAME = "$(TARGET_NAME)";
				SWIFT_OBJC_BRIDGING_HEADER = "Mr-Ride/Mr-Ride-Bridging-Header.h";
			};
			name = Release;
		};
/* End XCBuildConfiguration section */

/* Begin XCConfigurationList section */
		BC85F6031CF2A1C000B11F89 /* Build configuration list for PBXProject "Mr-Ride" */ = {
			isa = XCConfigurationList;
			buildConfigurations = (
				BC85F61B1CF2A1C000B11F89 /* Debug */,
				BC85F61C1CF2A1C000B11F89 /* Release */,
			);
			defaultConfigurationIsVisible = 0;
			defaultConfigurationName = Release;
		};
		BC85F61D1CF2A1C000B11F89 /* Build configuration list for PBXNativeTarget "Mr-Ride" */ = {
			isa = XCConfigurationList;
			buildConfigurations = (
				BC85F61E1CF2A1C000B11F89 /* Debug */,
				BC85F61F1CF2A1C000B11F89 /* Release */,
			);
			defaultConfigurationIsVisible = 0;
			defaultConfigurationName = Release;
		};
/* End XCConfigurationList section */

/* Begin XCVersionGroup section */
		BC85F6121CF2A1C000B11F89 /* Mr_Ride.xcdatamodeld */ = {
			isa = XCVersionGroup;
			children = (
				BC85F6131CF2A1C000B11F89 /* Mr_Ride.xcdatamodel */,
			);
			currentVersion = BC85F6131CF2A1C000B11F89 /* Mr_Ride.xcdatamodel */;
			path = Mr_Ride.xcdatamodeld;
			sourceTree = "<group>";
			versionGroupType = wrapper.xcdatamodel;
		};
/* End XCVersionGroup section */
	};
	rootObject = BC85F6001CF2A1C000B11F89 /* Project object */;
}
